// !$*UTF8*$!
{
	archiveVersion = 1;
	classes = {
	};
	objectVersion = 56;
	objects = {

/* Begin PBXBuildFile section */
		9C5B40072BD74A2500EE4BB6 /* BKSwiftyApp.swift in Sources */ = {isa = PBXBuildFile; fileRef = 9C5B40062BD74A2500EE4BB6 /* BKSwiftyApp.swift */; };
		9C5B400B2BD74A2600EE4BB6 /* Assets.xcassets in Resources */ = {isa = PBXBuildFile; fileRef = 9C5B400A2BD74A2600EE4BB6 /* Assets.xcassets */; };
		9C5B400F2BD74A2600EE4BB6 /* Preview Assets.xcassets in Resources */ = {isa = PBXBuildFile; fileRef = 9C5B400E2BD74A2600EE4BB6 /* Preview Assets.xcassets */; };
		9C5B40192BD74A2600EE4BB6 /* BKSwiftyTests.swift in Sources */ = {isa = PBXBuildFile; fileRef = 9C5B40182BD74A2600EE4BB6 /* BKSwiftyTests.swift */; };
		9C5B40232BD74A2600EE4BB6 /* BKSwiftyUITests.swift in Sources */ = {isa = PBXBuildFile; fileRef = 9C5B40222BD74A2600EE4BB6 /* BKSwiftyUITests.swift */; };
		9C5B40252BD74A2600EE4BB6 /* BKSwiftyUITestsLaunchTests.swift in Sources */ = {isa = PBXBuildFile; fileRef = 9C5B40242BD74A2600EE4BB6 /* BKSwiftyUITestsLaunchTests.swift */; };
		9C5B40392BD74AC700EE4BB6 /* TemplateCoordinator.swift in Sources */ = {isa = PBXBuildFile; fileRef = 9C5B40352BD74AC700EE4BB6 /* TemplateCoordinator.swift */; };
		9C5B403A2BD74AC700EE4BB6 /* TemplateView.swift in Sources */ = {isa = PBXBuildFile; fileRef = 9C5B40362BD74AC700EE4BB6 /* TemplateView.swift */; };
		9C5B403B2BD74AC700EE4BB6 /* TemplateViewModel.swift in Sources */ = {isa = PBXBuildFile; fileRef = 9C5B40372BD74AC700EE4BB6 /* TemplateViewModel.swift */; };
		9C5B40402BD74C1B00EE4BB6 /* PeopleCoordinator.swift in Sources */ = {isa = PBXBuildFile; fileRef = 9C5B403C2BD74C1B00EE4BB6 /* PeopleCoordinator.swift */; };
		9C5B40412BD74C1B00EE4BB6 /* PeopleView.swift in Sources */ = {isa = PBXBuildFile; fileRef = 9C5B403D2BD74C1B00EE4BB6 /* PeopleView.swift */; };
		9C5B40422BD74C1B00EE4BB6 /* PeopleViewModel.swift in Sources */ = {isa = PBXBuildFile; fileRef = 9C5B403E2BD74C1B00EE4BB6 /* PeopleViewModel.swift */; };
/* End PBXBuildFile section */

/* Begin PBXContainerItemProxy section */
		9C5B40152BD74A2600EE4BB6 /* PBXContainerItemProxy */ = {
			isa = PBXContainerItemProxy;
			containerPortal = 9C5B3FFB2BD74A2500EE4BB6 /* Project object */;
			proxyType = 1;
			remoteGlobalIDString = 9C5B40022BD74A2500EE4BB6;
			remoteInfo = BKSwifty;
		};
		9C5B401F2BD74A2600EE4BB6 /* PBXContainerItemProxy */ = {
			isa = PBXContainerItemProxy;
			containerPortal = 9C5B3FFB2BD74A2500EE4BB6 /* Project object */;
			proxyType = 1;
			remoteGlobalIDString = 9C5B40022BD74A2500EE4BB6;
			remoteInfo = BKSwifty;
		};
/* End PBXContainerItemProxy section */

/* Begin PBXFileReference section */
		9C5B40032BD74A2500EE4BB6 /* BKSwifty.app */ = {isa = PBXFileReference; explicitFileType = wrapper.application; includeInIndex = 0; path = BKSwifty.app; sourceTree = BUILT_PRODUCTS_DIR; };
		9C5B40062BD74A2500EE4BB6 /* BKSwiftyApp.swift */ = {isa = PBXFileReference; lastKnownFileType = sourcecode.swift; path = BKSwiftyApp.swift; sourceTree = "<group>"; };
		9C5B400A2BD74A2600EE4BB6 /* Assets.xcassets */ = {isa = PBXFileReference; lastKnownFileType = folder.assetcatalog; path = Assets.xcassets; sourceTree = "<group>"; };
		9C5B400C2BD74A2600EE4BB6 /* BKSwifty.entitlements */ = {isa = PBXFileReference; lastKnownFileType = text.plist.entitlements; path = BKSwifty.entitlements; sourceTree = "<group>"; };
		9C5B400E2BD74A2600EE4BB6 /* Preview Assets.xcassets */ = {isa = PBXFileReference; lastKnownFileType = folder.assetcatalog; path = "Preview Assets.xcassets"; sourceTree = "<group>"; };
		9C5B40142BD74A2600EE4BB6 /* BKSwiftyTests.xctest */ = {isa = PBXFileReference; explicitFileType = wrapper.cfbundle; includeInIndex = 0; path = BKSwiftyTests.xctest; sourceTree = BUILT_PRODUCTS_DIR; };
		9C5B40182BD74A2600EE4BB6 /* BKSwiftyTests.swift */ = {isa = PBXFileReference; lastKnownFileType = sourcecode.swift; path = BKSwiftyTests.swift; sourceTree = "<group>"; };
		9C5B401E2BD74A2600EE4BB6 /* BKSwiftyUITests.xctest */ = {isa = PBXFileReference; explicitFileType = wrapper.cfbundle; includeInIndex = 0; path = BKSwiftyUITests.xctest; sourceTree = BUILT_PRODUCTS_DIR; };
		9C5B40222BD74A2600EE4BB6 /* BKSwiftyUITests.swift */ = {isa = PBXFileReference; lastKnownFileType = sourcecode.swift; path = BKSwiftyUITests.swift; sourceTree = "<group>"; };
		9C5B40242BD74A2600EE4BB6 /* BKSwiftyUITestsLaunchTests.swift */ = {isa = PBXFileReference; lastKnownFileType = sourcecode.swift; path = BKSwiftyUITestsLaunchTests.swift; sourceTree = "<group>"; };
		9C5B40352BD74AC700EE4BB6 /* TemplateCoordinator.swift */ = {isa = PBXFileReference; fileEncoding = 4; lastKnownFileType = sourcecode.swift; path = TemplateCoordinator.swift; sourceTree = "<group>"; };
		9C5B40362BD74AC700EE4BB6 /* TemplateView.swift */ = {isa = PBXFileReference; fileEncoding = 4; lastKnownFileType = sourcecode.swift; path = TemplateView.swift; sourceTree = "<group>"; };
		9C5B40372BD74AC700EE4BB6 /* TemplateViewModel.swift */ = {isa = PBXFileReference; fileEncoding = 4; lastKnownFileType = sourcecode.swift; path = TemplateViewModel.swift; sourceTree = "<group>"; };
		9C5B403C2BD74C1B00EE4BB6 /* PeopleCoordinator.swift */ = {isa = PBXFileReference; fileEncoding = 4; lastKnownFileType = sourcecode.swift; path = PeopleCoordinator.swift; sourceTree = "<group>"; };
		9C5B403D2BD74C1B00EE4BB6 /* PeopleView.swift */ = {isa = PBXFileReference; fileEncoding = 4; lastKnownFileType = sourcecode.swift; path = PeopleView.swift; sourceTree = "<group>"; };
		9C5B403E2BD74C1B00EE4BB6 /* PeopleViewModel.swift */ = {isa = PBXFileReference; fileEncoding = 4; lastKnownFileType = sourcecode.swift; path = PeopleViewModel.swift; sourceTree = "<group>"; };
/* End PBXFileReference section */

/* Begin PBXFrameworksBuildPhase section */
		9C5B40002BD74A2500EE4BB6 /* Frameworks */ = {
			isa = PBXFrameworksBuildPhase;
			buildActionMask = 2147483647;
			files = (
			);
			runOnlyForDeploymentPostprocessing = 0;
		};
		9C5B40112BD74A2600EE4BB6 /* Frameworks */ = {
			isa = PBXFrameworksBuildPhase;
			buildActionMask = 2147483647;
			files = (
			);
			runOnlyForDeploymentPostprocessing = 0;
		};
		9C5B401B2BD74A2600EE4BB6 /* Frameworks */ = {
			isa = PBXFrameworksBuildPhase;
			buildActionMask = 2147483647;
			files = (
			);
			runOnlyForDeploymentPostprocessing = 0;
		};
/* End PBXFrameworksBuildPhase section */

/* Begin PBXGroup section */
		9C5B3FFA2BD74A2500EE4BB6 = {
			isa = PBXGroup;
			children = (
				9C5B40052BD74A2500EE4BB6 /* BKSwifty */,
				9C5B40172BD74A2600EE4BB6 /* BKSwiftyTests */,
				9C5B40212BD74A2600EE4BB6 /* BKSwiftyUITests */,
				9C5B40042BD74A2500EE4BB6 /* Products */,
			);
			sourceTree = "<group>";
		};
		9C5B40042BD74A2500EE4BB6 /* Products */ = {
			isa = PBXGroup;
			children = (
				9C5B40032BD74A2500EE4BB6 /* BKSwifty.app */,
				9C5B40142BD74A2600EE4BB6 /* BKSwiftyTests.xctest */,
				9C5B401E2BD74A2600EE4BB6 /* BKSwiftyUITests.xctest */,
			);
			name = Products;
			sourceTree = "<group>";
		};
		9C5B40052BD74A2500EE4BB6 /* BKSwifty */ = {
			isa = PBXGroup;
			children = (
				9C5B40332BD74A7600EE4BB6 /* Source */,
				9C5B40322BD74A6E00EE4BB6 /* Resources */,
				9C5B40312BD74A6100EE4BB6 /* App */,
			);
			path = BKSwifty;
			sourceTree = "<group>";
		};
		9C5B400D2BD74A2600EE4BB6 /* Preview Content */ = {
			isa = PBXGroup;
			children = (
				9C5B400E2BD74A2600EE4BB6 /* Preview Assets.xcassets */,
			);
			path = "Preview Content";
			sourceTree = "<group>";
		};
		9C5B40172BD74A2600EE4BB6 /* BKSwiftyTests */ = {
			isa = PBXGroup;
			children = (
				9C5B40182BD74A2600EE4BB6 /* BKSwiftyTests.swift */,
			);
			path = BKSwiftyTests;
			sourceTree = "<group>";
		};
		9C5B40212BD74A2600EE4BB6 /* BKSwiftyUITests */ = {
			isa = PBXGroup;
			children = (
				9C5B40222BD74A2600EE4BB6 /* BKSwiftyUITests.swift */,
				9C5B40242BD74A2600EE4BB6 /* BKSwiftyUITestsLaunchTests.swift */,
			);
			path = BKSwiftyUITests;
			sourceTree = "<group>";
		};
		9C5B40312BD74A6100EE4BB6 /* App */ = {
			isa = PBXGroup;
			children = (
				9C5B400C2BD74A2600EE4BB6 /* BKSwifty.entitlements */,
			);
			path = App;
			sourceTree = "<group>";
		};
		9C5B40322BD74A6E00EE4BB6 /* Resources */ = {
			isa = PBXGroup;
			children = (
				9C5B400D2BD74A2600EE4BB6 /* Preview Content */,
				9C5B400A2BD74A2600EE4BB6 /* Assets.xcassets */,
			);
			path = Resources;
			sourceTree = "<group>";
		};
		9C5B40332BD74A7600EE4BB6 /* Source */ = {
			isa = PBXGroup;
			children = (
				9C5B40342BD74A8800EE4BB6 /* Scenes */,
				9C5B40062BD74A2500EE4BB6 /* BKSwiftyApp.swift */,
			);
			path = Source;
			sourceTree = "<group>";
		};
		9C5B40342BD74A8800EE4BB6 /* Scenes */ = {
			isa = PBXGroup;
			children = (
				9C5B403F2BD74C1B00EE4BB6 /* People */,
				9C5B40382BD74AC700EE4BB6 /* Template */,
			);
			path = Scenes;
			sourceTree = "<group>";
		};
		9C5B40382BD74AC700EE4BB6 /* Template */ = {
			isa = PBXGroup;
			children = (
				9C5B40352BD74AC700EE4BB6 /* TemplateCoordinator.swift */,
				9C5B40362BD74AC700EE4BB6 /* TemplateView.swift */,
				9C5B40372BD74AC700EE4BB6 /* TemplateViewModel.swift */,
			);
			path = Template;
			sourceTree = "<group>";
		};
		9C5B403F2BD74C1B00EE4BB6 /* People */ = {
			isa = PBXGroup;
			children = (
				9C5B403C2BD74C1B00EE4BB6 /* PeopleCoordinator.swift */,
				9C5B403D2BD74C1B00EE4BB6 /* PeopleView.swift */,
				9C5B403E2BD74C1B00EE4BB6 /* PeopleViewModel.swift */,
			);
			path = People;
			sourceTree = "<group>";
		};
/* End PBXGroup section */

/* Begin PBXNativeTarget section */
		9C5B40022BD74A2500EE4BB6 /* BKSwifty */ = {
			isa = PBXNativeTarget;
			buildConfigurationList = 9C5B40282BD74A2600EE4BB6 /* Build configuration list for PBXNativeTarget "BKSwifty" */;
			buildPhases = (
				9C5B3FFF2BD74A2500EE4BB6 /* Sources */,
				9C5B40002BD74A2500EE4BB6 /* Frameworks */,
				9C5B40012BD74A2500EE4BB6 /* Resources */,
			);
			buildRules = (
			);
			dependencies = (
			);
			name = BKSwifty;
			productName = BKSwifty;
			productReference = 9C5B40032BD74A2500EE4BB6 /* BKSwifty.app */;
			productType = "com.apple.product-type.application";
		};
		9C5B40132BD74A2600EE4BB6 /* BKSwiftyTests */ = {
			isa = PBXNativeTarget;
			buildConfigurationList = 9C5B402B2BD74A2600EE4BB6 /* Build configuration list for PBXNativeTarget "BKSwiftyTests" */;
			buildPhases = (
				9C5B40102BD74A2600EE4BB6 /* Sources */,
				9C5B40112BD74A2600EE4BB6 /* Frameworks */,
				9C5B40122BD74A2600EE4BB6 /* Resources */,
			);
			buildRules = (
			);
			dependencies = (
				9C5B40162BD74A2600EE4BB6 /* PBXTargetDependency */,
			);
			name = BKSwiftyTests;
			productName = BKSwiftyTests;
			productReference = 9C5B40142BD74A2600EE4BB6 /* BKSwiftyTests.xctest */;
			productType = "com.apple.product-type.bundle.unit-test";
		};
		9C5B401D2BD74A2600EE4BB6 /* BKSwiftyUITests */ = {
			isa = PBXNativeTarget;
			buildConfigurationList = 9C5B402E2BD74A2600EE4BB6 /* Build configuration list for PBXNativeTarget "BKSwiftyUITests" */;
			buildPhases = (
				9C5B401A2BD74A2600EE4BB6 /* Sources */,
				9C5B401B2BD74A2600EE4BB6 /* Frameworks */,
				9C5B401C2BD74A2600EE4BB6 /* Resources */,
			);
			buildRules = (
			);
			dependencies = (
				9C5B40202BD74A2600EE4BB6 /* PBXTargetDependency */,
			);
			name = BKSwiftyUITests;
			productName = BKSwiftyUITests;
			productReference = 9C5B401E2BD74A2600EE4BB6 /* BKSwiftyUITests.xctest */;
			productType = "com.apple.product-type.bundle.ui-testing";
		};
/* End PBXNativeTarget section */

/* Begin PBXProject section */
		9C5B3FFB2BD74A2500EE4BB6 /* Project object */ = {
			isa = PBXProject;
			attributes = {
				BuildIndependentTargetsInParallel = 1;
				LastSwiftUpdateCheck = 1530;
				LastUpgradeCheck = 1530;
				TargetAttributes = {
					9C5B40022BD74A2500EE4BB6 = {
						CreatedOnToolsVersion = 15.3;
					};
					9C5B40132BD74A2600EE4BB6 = {
						CreatedOnToolsVersion = 15.3;
						TestTargetID = 9C5B40022BD74A2500EE4BB6;
					};
					9C5B401D2BD74A2600EE4BB6 = {
						CreatedOnToolsVersion = 15.3;
						TestTargetID = 9C5B40022BD74A2500EE4BB6;
					};
				};
			};
			buildConfigurationList = 9C5B3FFE2BD74A2500EE4BB6 /* Build configuration list for PBXProject "BKSwifty" */;
			compatibilityVersion = "Xcode 14.0";
			developmentRegion = en;
			hasScannedForEncodings = 0;
			knownRegions = (
				en,
				Base,
			);
			mainGroup = 9C5B3FFA2BD74A2500EE4BB6;
			productRefGroup = 9C5B40042BD74A2500EE4BB6 /* Products */;
			projectDirPath = "";
			projectRoot = "";
			targets = (
				9C5B40022BD74A2500EE4BB6 /* BKSwifty */,
				9C5B40132BD74A2600EE4BB6 /* BKSwiftyTests */,
				9C5B401D2BD74A2600EE4BB6 /* BKSwiftyUITests */,
			);
		};
/* End PBXProject section */

/* Begin PBXResourcesBuildPhase section */
		9C5B40012BD74A2500EE4BB6 /* Resources */ = {
			isa = PBXResourcesBuildPhase;
			buildActionMask = 2147483647;
			files = (
				9C5B400F2BD74A2600EE4BB6 /* Preview Assets.xcassets in Resources */,
				9C5B400B2BD74A2600EE4BB6 /* Assets.xcassets in Resources */,
			);
			runOnlyForDeploymentPostprocessing = 0;
		};
		9C5B40122BD74A2600EE4BB6 /* Resources */ = {
			isa = PBXResourcesBuildPhase;
			buildActionMask = 2147483647;
			files = (
			);
			runOnlyForDeploymentPostprocessing = 0;
		};
		9C5B401C2BD74A2600EE4BB6 /* Resources */ = {
			isa = PBXResourcesBuildPhase;
			buildActionMask = 2147483647;
			files = (
			);
			runOnlyForDeploymentPostprocessing = 0;
		};
/* End PBXResourcesBuildPhase section */

/* Begin PBXSourcesBuildPhase section */
		9C5B3FFF2BD74A2500EE4BB6 /* Sources */ = {
			isa = PBXSourcesBuildPhase;
			buildActionMask = 2147483647;
			files = (
				9C5B40402BD74C1B00EE4BB6 /* PeopleCoordinator.swift in Sources */,
				9C5B40392BD74AC700EE4BB6 /* TemplateCoordinator.swift in Sources */,
				9C5B40072BD74A2500EE4BB6 /* BKSwiftyApp.swift in Sources */,
				9C5B403B2BD74AC700EE4BB6 /* TemplateViewModel.swift in Sources */,
				9C5B40422BD74C1B00EE4BB6 /* PeopleViewModel.swift in Sources */,
				9C5B403A2BD74AC700EE4BB6 /* TemplateView.swift in Sources */,
				9C5B40412BD74C1B00EE4BB6 /* PeopleView.swift in Sources */,
			);
			runOnlyForDeploymentPostprocessing = 0;
		};
		9C5B40102BD74A2600EE4BB6 /* Sources */ = {
			isa = PBXSourcesBuildPhase;
			buildActionMask = 2147483647;
			files = (
				9C5B40192BD74A2600EE4BB6 /* BKSwiftyTests.swift in Sources */,
			);
			runOnlyForDeploymentPostprocessing = 0;
		};
		9C5B401A2BD74A2600EE4BB6 /* Sources */ = {
			isa = PBXSourcesBuildPhase;
			buildActionMask = 2147483647;
			files = (
				9C5B40252BD74A2600EE4BB6 /* BKSwiftyUITestsLaunchTests.swift in Sources */,
				9C5B40232BD74A2600EE4BB6 /* BKSwiftyUITests.swift in Sources */,
			);
			runOnlyForDeploymentPostprocessing = 0;
		};
/* End PBXSourcesBuildPhase section */

/* Begin PBXTargetDependency section */
		9C5B40162BD74A2600EE4BB6 /* PBXTargetDependency */ = {
			isa = PBXTargetDependency;
			target = 9C5B40022BD74A2500EE4BB6 /* BKSwifty */;
			targetProxy = 9C5B40152BD74A2600EE4BB6 /* PBXContainerItemProxy */;
		};
		9C5B40202BD74A2600EE4BB6 /* PBXTargetDependency */ = {
			isa = PBXTargetDependency;
			target = 9C5B40022BD74A2500EE4BB6 /* BKSwifty */;
			targetProxy = 9C5B401F2BD74A2600EE4BB6 /* PBXContainerItemProxy */;
		};
/* End PBXTargetDependency section */

/* Begin XCBuildConfiguration section */
		9C5B40262BD74A2600EE4BB6 /* Debug */ = {
			isa = XCBuildConfiguration;
			buildSettings = {
				ALWAYS_SEARCH_USER_PATHS = NO;
				ASSETCATALOG_COMPILER_GENERATE_SWIFT_ASSET_SYMBOL_EXTENSIONS = YES;
				CLANG_ANALYZER_NONNULL = YES;
				CLANG_ANALYZER_NUMBER_OBJECT_CONVERSION = YES_AGGRESSIVE;
				CLANG_CXX_LANGUAGE_STANDARD = "gnu++20";
				CLANG_ENABLE_MODULES = YES;
				CLANG_ENABLE_OBJC_ARC = YES;
				CLANG_ENABLE_OBJC_WEAK = YES;
				CLANG_WARN_BLOCK_CAPTURE_AUTORELEASING = YES;
				CLANG_WARN_BOOL_CONVERSION = YES;
				CLANG_WARN_COMMA = YES;
				CLANG_WARN_CONSTANT_CONVERSION = YES;
				CLANG_WARN_DEPRECATED_OBJC_IMPLEMENTATIONS = YES;
				CLANG_WARN_DIRECT_OBJC_ISA_USAGE = YES_ERROR;
				CLANG_WARN_DOCUMENTATION_COMMENTS = YES;
				CLANG_WARN_EMPTY_BODY = YES;
				CLANG_WARN_ENUM_CONVERSION = YES;
				CLANG_WARN_INFINITE_RECURSION = YES;
				CLANG_WARN_INT_CONVERSION = YES;
				CLANG_WARN_NON_LITERAL_NULL_CONVERSION = YES;
				CLANG_WARN_OBJC_IMPLICIT_RETAIN_SELF = YES;
				CLANG_WARN_OBJC_LITERAL_CONVERSION = YES;
				CLANG_WARN_OBJC_ROOT_CLASS = YES_ERROR;
				CLANG_WARN_QUOTED_INCLUDE_IN_FRAMEWORK_HEADER = YES;
				CLANG_WARN_RANGE_LOOP_ANALYSIS = YES;
				CLANG_WARN_STRICT_PROTOTYPES = YES;
				CLANG_WARN_SUSPICIOUS_MOVE = YES;
				CLANG_WARN_UNGUARDED_AVAILABILITY = YES_AGGRESSIVE;
				CLANG_WARN_UNREACHABLE_CODE = YES;
				CLANG_WARN__DUPLICATE_METHOD_MATCH = YES;
				COPY_PHASE_STRIP = NO;
				DEBUG_INFORMATION_FORMAT = dwarf;
				ENABLE_STRICT_OBJC_MSGSEND = YES;
				ENABLE_TESTABILITY = YES;
				ENABLE_USER_SCRIPT_SANDBOXING = YES;
				GCC_C_LANGUAGE_STANDARD = gnu17;
				GCC_DYNAMIC_NO_PIC = NO;
				GCC_NO_COMMON_BLOCKS = YES;
				GCC_OPTIMIZATION_LEVEL = 0;
				GCC_PREPROCESSOR_DEFINITIONS = (
					"DEBUG=1",
					"$(inherited)",
				);
				GCC_WARN_64_TO_32_BIT_CONVERSION = YES;
				GCC_WARN_ABOUT_RETURN_TYPE = YES_ERROR;
				GCC_WARN_UNDECLARED_SELECTOR = YES;
				GCC_WARN_UNINITIALIZED_AUTOS = YES_AGGRESSIVE;
				GCC_WARN_UNUSED_FUNCTION = YES;
				GCC_WARN_UNUSED_VARIABLE = YES;
				LOCALIZATION_PREFERS_STRING_CATALOGS = YES;
				MTL_ENABLE_DEBUG_INFO = INCLUDE_SOURCE;
				MTL_FAST_MATH = YES;
				ONLY_ACTIVE_ARCH = YES;
				SWIFT_ACTIVE_COMPILATION_CONDITIONS = "DEBUG $(inherited)";
				SWIFT_OPTIMIZATION_LEVEL = "-Onone";
			};
			name = Debug;
		};
		9C5B40272BD74A2600EE4BB6 /* Release */ = {
			isa = XCBuildConfiguration;
			buildSettings = {
				ALWAYS_SEARCH_USER_PATHS = NO;
				ASSETCATALOG_COMPILER_GENERATE_SWIFT_ASSET_SYMBOL_EXTENSIONS = YES;
				CLANG_ANALYZER_NONNULL = YES;
				CLANG_ANALYZER_NUMBER_OBJECT_CONVERSION = YES_AGGRESSIVE;
				CLANG_CXX_LANGUAGE_STANDARD = "gnu++20";
				CLANG_ENABLE_MODULES = YES;
				CLANG_ENABLE_OBJC_ARC = YES;
				CLANG_ENABLE_OBJC_WEAK = YES;
				CLANG_WARN_BLOCK_CAPTURE_AUTORELEASING = YES;
				CLANG_WARN_BOOL_CONVERSION = YES;
				CLANG_WARN_COMMA = YES;
				CLANG_WARN_CONSTANT_CONVERSION = YES;
				CLANG_WARN_DEPRECATED_OBJC_IMPLEMENTATIONS = YES;
				CLANG_WARN_DIRECT_OBJC_ISA_USAGE = YES_ERROR;
				CLANG_WARN_DOCUMENTATION_COMMENTS = YES;
				CLANG_WARN_EMPTY_BODY = YES;
				CLANG_WARN_ENUM_CONVERSION = YES;
				CLANG_WARN_INFINITE_RECURSION = YES;
				CLANG_WARN_INT_CONVERSION = YES;
				CLANG_WARN_NON_LITERAL_NULL_CONVERSION = YES;
				CLANG_WARN_OBJC_IMPLICIT_RETAIN_SELF = YES;
				CLANG_WARN_OBJC_LITERAL_CONVERSION = YES;
				CLANG_WARN_OBJC_ROOT_CLASS = YES_ERROR;
				CLANG_WARN_QUOTED_INCLUDE_IN_FRAMEWORK_HEADER = YES;
				CLANG_WARN_RANGE_LOOP_ANALYSIS = YES;
				CLANG_WARN_STRICT_PROTOTYPES = YES;
				CLANG_WARN_SUSPICIOUS_MOVE = YES;
				CLANG_WARN_UNGUARDED_AVAILABILITY = YES_AGGRESSIVE;
				CLANG_WARN_UNREACHABLE_CODE = YES;
				CLANG_WARN__DUPLICATE_METHOD_MATCH = YES;
				COPY_PHASE_STRIP = NO;
				DEBUG_INFORMATION_FORMAT = "dwarf-with-dsym";
				ENABLE_NS_ASSERTIONS = NO;
				ENABLE_STRICT_OBJC_MSGSEND = YES;
				ENABLE_USER_SCRIPT_SANDBOXING = YES;
				GCC_C_LANGUAGE_STANDARD = gnu17;
				GCC_NO_COMMON_BLOCKS = YES;
				GCC_WARN_64_TO_32_BIT_CONVERSION = YES;
				GCC_WARN_ABOUT_RETURN_TYPE = YES_ERROR;
				GCC_WARN_UNDECLARED_SELECTOR = YES;
				GCC_WARN_UNINITIALIZED_AUTOS = YES_AGGRESSIVE;
				GCC_WARN_UNUSED_FUNCTION = YES;
				GCC_WARN_UNUSED_VARIABLE = YES;
				LOCALIZATION_PREFERS_STRING_CATALOGS = YES;
				MTL_ENABLE_DEBUG_INFO = NO;
				MTL_FAST_MATH = YES;
				SWIFT_COMPILATION_MODE = wholemodule;
			};
			name = Release;
		};
		9C5B40292BD74A2600EE4BB6 /* Debug */ = {
			isa = XCBuildConfiguration;
			buildSettings = {
				ASSETCATALOG_COMPILER_APPICON_NAME = AppIcon;
				ASSETCATALOG_COMPILER_GLOBAL_ACCENT_COLOR_NAME = AccentColor;
				CODE_SIGN_ENTITLEMENTS = BKSwifty/App/BKSwifty.entitlements;
				CODE_SIGN_STYLE = Automatic;
				CURRENT_PROJECT_VERSION = 1;
				DEVELOPMENT_ASSET_PATHS = "\"BKSwifty/Resources/Preview Content\"";
				DEVELOPMENT_TEAM = GF898R7MZ6;
				ENABLE_HARDENED_RUNTIME = YES;
				ENABLE_PREVIEWS = YES;
				GENERATE_INFOPLIST_FILE = YES;
				"INFOPLIST_KEY_UIApplicationSceneManifest_Generation[sdk=iphoneos*]" = YES;
				"INFOPLIST_KEY_UIApplicationSceneManifest_Generation[sdk=iphonesimulator*]" = YES;
				"INFOPLIST_KEY_UIApplicationSupportsIndirectInputEvents[sdk=iphoneos*]" = YES;
				"INFOPLIST_KEY_UIApplicationSupportsIndirectInputEvents[sdk=iphonesimulator*]" = YES;
				"INFOPLIST_KEY_UILaunchScreen_Generation[sdk=iphoneos*]" = YES;
				"INFOPLIST_KEY_UILaunchScreen_Generation[sdk=iphonesimulator*]" = YES;
				"INFOPLIST_KEY_UIStatusBarStyle[sdk=iphoneos*]" = UIStatusBarStyleDefault;
				"INFOPLIST_KEY_UIStatusBarStyle[sdk=iphonesimulator*]" = UIStatusBarStyleDefault;
				INFOPLIST_KEY_UISupportedInterfaceOrientations_iPad = "UIInterfaceOrientationPortrait UIInterfaceOrientationPortraitUpsideDown UIInterfaceOrientationLandscapeLeft UIInterfaceOrientationLandscapeRight";
				INFOPLIST_KEY_UISupportedInterfaceOrientations_iPhone = "UIInterfaceOrientationPortrait UIInterfaceOrientationLandscapeLeft UIInterfaceOrientationLandscapeRight";
				IPHONEOS_DEPLOYMENT_TARGET = 17.4;
				LD_RUNPATH_SEARCH_PATHS = "@executable_path/Frameworks";
				"LD_RUNPATH_SEARCH_PATHS[sdk=macosx*]" = "@executable_path/../Frameworks";
				MACOSX_DEPLOYMENT_TARGET = 14.4;
				MARKETING_VERSION = 1.0;
				PRODUCT_BUNDLE_IDENTIFIER = bk.BKSwifty;
				PRODUCT_NAME = "$(TARGET_NAME)";
				SDKROOT = auto;
				SUPPORTED_PLATFORMS = "iphoneos iphonesimulator macosx";
				SWIFT_EMIT_LOC_STRINGS = YES;
				SWIFT_VERSION = 5.0;
				TARGETED_DEVICE_FAMILY = "1,2";
			};
			name = Debug;
		};
		9C5B402A2BD74A2600EE4BB6 /* Release */ = {
			isa = XCBuildConfiguration;
			buildSettings = {
				ASSETCATALOG_COMPILER_APPICON_NAME = AppIcon;
				ASSETCATALOG_COMPILER_GLOBAL_ACCENT_COLOR_NAME = AccentColor;
				CODE_SIGN_ENTITLEMENTS = BKSwifty/App/BKSwifty.entitlements;
				CODE_SIGN_STYLE = Automatic;
				CURRENT_PROJECT_VERSION = 1;
				DEVELOPMENT_ASSET_PATHS = "\"BKSwifty/Resources/Preview Content\"";
				DEVELOPMENT_TEAM = GF898R7MZ6;
				ENABLE_HARDENED_RUNTIME = YES;
				ENABLE_PREVIEWS = YES;
				GENERATE_INFOPLIST_FILE = YES;
				"INFOPLIST_KEY_UIApplicationSceneManifest_Generation[sdk=iphoneos*]" = YES;
				"INFOPLIST_KEY_UIApplicationSceneManifest_Generation[sdk=iphonesimulator*]" = YES;
				"INFOPLIST_KEY_UIApplicationSupportsIndirectInputEvents[sdk=iphoneos*]" = YES;
				"INFOPLIST_KEY_UIApplicationSupportsIndirectInputEvents[sdk=iphonesimulator*]" = YES;
				"INFOPLIST_KEY_UILaunchScreen_Generation[sdk=iphoneos*]" = YES;
				"INFOPLIST_KEY_UILaunchScreen_Generation[sdk=iphonesimulator*]" = YES;
				"INFOPLIST_KEY_UIStatusBarStyle[sdk=iphoneos*]" = UIStatusBarStyleDefault;
				"INFOPLIST_KEY_UIStatusBarStyle[sdk=iphonesimulator*]" = UIStatusBarStyleDefault;
				INFOPLIST_KEY_UISupportedInterfaceOrientations_iPad = "UIInterfaceOrientationPortrait UIInterfaceOrientationPortraitUpsideDown UIInterfaceOrientationLandscapeLeft UIInterfaceOrientationLandscapeRight";
				INFOPLIST_KEY_UISupportedInterfaceOrientations_iPhone = "UIInterfaceOrientationPortrait UIInterfaceOrientationLandscapeLeft UIInterfaceOrientationLandscapeRight";
				IPHONEOS_DEPLOYMENT_TARGET = 17.4;
				LD_RUNPATH_SEARCH_PATHS = "@executable_path/Frameworks";
				"LD_RUNPATH_SEARCH_PATHS[sdk=macosx*]" = "@executable_path/../Frameworks";
				MACOSX_DEPLOYMENT_TARGET = 14.4;
				MARKETING_VERSION = 1.0;
				PRODUCT_BUNDLE_IDENTIFIER = bk.BKSwifty;
				PRODUCT_NAME = "$(TARGET_NAME)";
				SDKROOT = auto;
				SUPPORTED_PLATFORMS = "iphoneos iphonesimulator macosx";
				SWIFT_EMIT_LOC_STRINGS = YES;
				SWIFT_VERSION = 5.0;
				TARGETED_DEVICE_FAMILY = "1,2";
			};
			name = Release;
		};
		9C5B402C2BD74A2600EE4BB6 /* Debug */ = {
			isa = XCBuildConfiguration;
			buildSettings = {
				ALWAYS_EMBED_SWIFT_STANDARD_LIBRARIES = YES;
				BUNDLE_LOADER = "$(TEST_HOST)";
				CODE_SIGN_STYLE = Automatic;
				CURRENT_PROJECT_VERSION = 1;
				DEVELOPMENT_TEAM = GF898R7MZ6;
				GENERATE_INFOPLIST_FILE = YES;
				IPHONEOS_DEPLOYMENT_TARGET = 17.4;
				MACOSX_DEPLOYMENT_TARGET = 14.4;
				MARKETING_VERSION = 1.0;
				PRODUCT_BUNDLE_IDENTIFIER = bk.BKSwiftyTests;
				PRODUCT_NAME = "$(TARGET_NAME)";
				SDKROOT = auto;
				SUPPORTED_PLATFORMS = "iphoneos iphonesimulator macosx";
				SWIFT_EMIT_LOC_STRINGS = NO;
				SWIFT_VERSION = 5.0;
				TARGETED_DEVICE_FAMILY = "1,2";
				TEST_HOST = "$(BUILT_PRODUCTS_DIR)/BKSwifty.app/$(BUNDLE_EXECUTABLE_FOLDER_PATH)/BKSwifty";
			};
			name = Debug;
		};
		9C5B402D2BD74A2600EE4BB6 /* Release */ = {
			isa = XCBuildConfiguration;
			buildSettings = {
				ALWAYS_EMBED_SWIFT_STANDARD_LIBRARIES = YES;
				BUNDLE_LOADER = "$(TEST_HOST)";
				CODE_SIGN_STYLE = Automatic;
				CURRENT_PROJECT_VERSION = 1;
				DEVELOPMENT_TEAM = GF898R7MZ6;
				GENERATE_INFOPLIST_FILE = YES;
				IPHONEOS_DEPLOYMENT_TARGET = 17.4;
				MACOSX_DEPLOYMENT_TARGET = 14.4;
				MARKETING_VERSION = 1.0;
				PRODUCT_BUNDLE_IDENTIFIER = bk.BKSwiftyTests;
				PRODUCT_NAME = "$(TARGET_NAME)";
				SDKROOT = auto;
				SUPPORTED_PLATFORMS = "iphoneos iphonesimulator macosx";
				SWIFT_EMIT_LOC_STRINGS = NO;
				SWIFT_VERSION = 5.0;
				TARGETED_DEVICE_FAMILY = "1,2";
				TEST_HOST = "$(BUILT_PRODUCTS_DIR)/BKSwifty.app/$(BUNDLE_EXECUTABLE_FOLDER_PATH)/BKSwifty";
			};
			name = Release;
		};
		9C5B402F2BD74A2600EE4BB6 /* Debug */ = {
			isa = XCBuildConfiguration;
			buildSettings = {
				ALWAYS_EMBED_SWIFT_STANDARD_LIBRARIES = YES;
				CODE_SIGN_STYLE = Automatic;
				CURRENT_PROJECT_VERSION = 1;
				DEVELOPMENT_TEAM = GF898R7MZ6;
				GENERATE_INFOPLIST_FILE = YES;
				IPHONEOS_DEPLOYMENT_TARGET = 17.4;
				MACOSX_DEPLOYMENT_TARGET = 14.4;
				MARKETING_VERSION = 1.0;
				PRODUCT_BUNDLE_IDENTIFIER = bk.BKSwiftyUITests;
				PRODUCT_NAME = "$(TARGET_NAME)";
				SDKROOT = auto;
				SUPPORTED_PLATFORMS = "iphoneos iphonesimulator macosx";
				SWIFT_EMIT_LOC_STRINGS = NO;
				SWIFT_VERSION = 5.0;
				TARGETED_DEVICE_FAMILY = "1,2";
				TEST_TARGET_NAME = BKSwifty;
			};
			name = Debug;
		};
		9C5B40302BD74A2600EE4BB6 /* Release */ = {
			isa = XCBuildConfiguration;
			buildSettings = {
				ALWAYS_EMBED_SWIFT_STANDARD_LIBRARIES = YES;
				CODE_SIGN_STYLE = Automatic;
				CURRENT_PROJECT_VERSION = 1;
				DEVELOPMENT_TEAM = GF898R7MZ6;
				GENERATE_INFOPLIST_FILE = YES;
				IPHONEOS_DEPLOYMENT_TARGET = 17.4;
				MACOSX_DEPLOYMENT_TARGET = 14.4;
				MARKETING_VERSION = 1.0;
				PRODUCT_BUNDLE_IDENTIFIER = bk.BKSwiftyUITests;
				PRODUCT_NAME = "$(TARGET_NAME)";
				SDKROOT = auto;
				SUPPORTED_PLATFORMS = "iphoneos iphonesimulator macosx";
				SWIFT_EMIT_LOC_STRINGS = NO;
				SWIFT_VERSION = 5.0;
				TARGETED_DEVICE_FAMILY = "1,2";
				TEST_TARGET_NAME = BKSwifty;
			};
			name = Release;
		};
/* End XCBuildConfiguration section */

/* Begin XCConfigurationList section */
		9C5B3FFE2BD74A2500EE4BB6 /* Build configuration list for PBXProject "BKSwifty" */ = {
			isa = XCConfigurationList;
			buildConfigurations = (
				9C5B40262BD74A2600EE4BB6 /* Debug */,
				9C5B40272BD74A2600EE4BB6 /* Release */,
			);
			defaultConfigurationIsVisible = 0;
			defaultConfigurationName = Release;
		};
		9C5B40282BD74A2600EE4BB6 /* Build configuration list for PBXNativeTarget "BKSwifty" */ = {
			isa = XCConfigurationList;
			buildConfigurations = (
				9C5B40292BD74A2600EE4BB6 /* Debug */,
				9C5B402A2BD74A2600EE4BB6 /* Release */,
			);
			defaultConfigurationIsVisible = 0;
			defaultConfigurationName = Release;
		};
		9C5B402B2BD74A2600EE4BB6 /* Build configuration list for PBXNativeTarget "BKSwiftyTests" */ = {
			isa = XCConfigurationList;
			buildConfigurations = (
				9C5B402C2BD74A2600EE4BB6 /* Debug */,
				9C5B402D2BD74A2600EE4BB6 /* Release */,
			);
			defaultConfigurationIsVisible = 0;
			defaultConfigurationName = Release;
		};
		9C5B402E2BD74A2600EE4BB6 /* Build configuration list for PBXNativeTarget "BKSwiftyUITests" */ = {
			isa = XCConfigurationList;
			buildConfigurations = (
				9C5B402F2BD74A2600EE4BB6 /* Debug */,
				9C5B40302BD74A2600EE4BB6 /* Release */,
			);
			defaultConfigurationIsVisible = 0;
			defaultConfigurationName = Release;
		};
/* End XCConfigurationList section */
	};
	rootObject = 9C5B3FFB2BD74A2500EE4BB6 /* Project object */;
}
